
Microsoft Visual Studio Solution File, Format Version 12.00
# Visual Studio Version 17
VisualStudioVersion = 17.8.34511.84
MinimumVisualStudioVersion = 10.0.40219.1
Project("{9A19103F-16F7-4668-BE54-9A1E7A4F7556}") = "Honamic.Configuration.EntityFramework", "Configuration.EntityFramework\Honamic.Configuration.EntityFramework.csproj", "{A204F332-6A03-4088-BEAC-BFE69CB506AD}"
EndProject
Project("{FAE04EC0-301F-11D3-BF4B-00C04F79EFBC}") = "Honamic.Configuration.EntityFramework.Sample", "Honamic.Configuration.EntityFramework.Sample\Honamic.Configuration.EntityFramework.Sample.csproj", "{49779563-E82E-4699-8967-149E1424E2ED}"
EndProject
Global
	GlobalSection(SolutionConfigurationPlatforms) = preSolution
		Debug|Any CPU = Debug|Any CPU
		Release|Any CPU = Release|Any CPU
	EndGlobalSection
	GlobalSection(ProjectConfigurationPlatforms) = postSolution
		{A204F332-6A03-4088-BEAC-BFE69CB506AD}.Debug|Any CPU.ActiveCfg = Debug|Any CPU
		{A204F332-6A03-4088-BEAC-BFE69CB506AD}.Debug|Any CPU.Build.0 = Debug|Any CPU
		{A204F332-6A03-4088-BEAC-BFE69CB506AD}.Release|Any CPU.ActiveCfg = Release|Any CPU
		{A204F332-6A03-4088-BEAC-BFE69CB506AD}.Release|Any CPU.Build.0 = Release|Any CPU
		{49779563-E82E-4699-8967-149E1424E2ED}.Debug|Any CPU.ActiveCfg = Debug|Any CPU
		{49779563-E82E-4699-8967-149E1424E2ED}.Debug|Any CPU.Build.0 = Debug|Any CPU
		{49779563-E82E-4699-8967-149E1424E2ED}.Release|Any CPU.ActiveCfg = Release|Any CPU
		{49779563-E82E-4699-8967-149E1424E2ED}.Release|Any CPU.Build.0 = Release|Any CPU
	EndGlobalSection
	GlobalSection(SolutionProperties) = preSolution
		HideSolutionNode = FALSE
	EndGlobalSection
	GlobalSection(ExtensibilityGlobals) = postSolution
		SolutionGuid = {62818F3F-328F-4F4B-883D-48AD5482C498}
	EndGlobalSection
EndGlobal
